
Microsoft Visual Studio Solution File, Format Version 12.00
# Visual Studio Version 17
VisualStudioVersion = 17.5.33502.453
MinimumVisualStudioVersion = 10.0.40219.1
Project("{FAE04EC0-301F-11D3-BF4B-00C04F79EFBC}") = "CSharpFundamentals", "CSharpFundamentals\CSharpFundamentals.csproj", "{622B41B5-1EAD-4632-B9A5-37F423DD51CF}"
EndProject
Global
	GlobalSection(SolutionConfigurationPlatforms) = preSolution
		Debug|Any CPU = Debug|Any CPU
		Release|Any CPU = Release|Any CPU
	EndGlobalSection
	GlobalSection(ProjectConfigurationPlatforms) = postSolution
		{622B41B5-1EAD-4632-B9A5-37F423DD51CF}.Debug|Any CPU.ActiveCfg = Debug|Any CPU
		{622B41B5-1EAD-4632-B9A5-37F423DD51CF}.Debug|Any CPU.Build.0 = Debug|Any CPU
		{622B41B5-1EAD-4632-B9A5-37F423DD51CF}.Release|Any CPU.ActiveCfg = Release|Any CPU
		{622B41B5-1EAD-4632-B9A5-37F423DD51CF}.Release|Any CPU.Build.0 = Release|Any CPU
	EndGlobalSection
	GlobalSection(SolutionProperties) = preSolution
		HideSolutionNode = FALSE
	EndGlobalSection
	GlobalSection(ExtensibilityGlobals) = postSolution
		SolutionGuid = {14B1CD67-C77D-428E-BBC8-F903C51FD911}
	EndGlobalSection
EndGlobal
